PODS:
  - Alamofire (4.1.0)
  - SwiftSpinner (1.1.0)
  - SwiftyJSON (3.1.3)

DEPENDENCIES:
  - Alamofire
  - SwiftSpinner
  - SwiftyJSON

SPEC CHECKSUMS:
  Alamofire: e266cf991b933498df791e645e0d8ac294492153
  SwiftSpinner: c03815614599b91eea46594bd52ba742849d0414
  SwiftyJSON: 38a8ea2006779c0fc4c310cb2ee8195327740faf

PODFILE CHECKSUM: 87f44891a016b98271d3d70be0c69baea6615067

COCOAPODS: 1.1.1
